
Microsoft Visual Studio Solution File, Format Version 12.00
# Visual Studio 15
VisualStudioVersion = 15.0.27703.2035
MinimumVisualStudioVersion = 10.0.40219.1
Project("{FAE04EC0-301F-11D3-BF4B-00C04F79EFBC}") = "OralCalculation", "OralCalculation\OralCalculation.csproj", "{F43F4479-48C7-4094-AFCE-B09353F1DA52}"
EndProject
Global
	GlobalSection(SolutionConfigurationPlatforms) = preSolution
		Debug|ARM = Debug|ARM
		Debug|x64 = Debug|x64
		Debug|x86 = Debug|x86
		Release|ARM = Release|ARM
		Release|x64 = Release|x64
		Release|x86 = Release|x86
	EndGlobalSection
	GlobalSection(ProjectConfigurationPlatforms) = postSolution
		{F43F4479-48C7-4094-AFCE-B09353F1DA52}.Debug|ARM.ActiveCfg = Debug|ARM
		{F43F4479-48C7-4094-AFCE-B09353F1DA52}.Debug|ARM.Build.0 = Debug|ARM
		{F43F4479-48C7-4094-AFCE-B09353F1DA52}.Debug|ARM.Deploy.0 = Debug|ARM
		{F43F4479-48C7-4094-AFCE-B09353F1DA52}.Debug|x64.ActiveCfg = Debug|x64
		{F43F4479-48C7-4094-AFCE-B09353F1DA52}.Debug|x64.Build.0 = Debug|x64
		{F43F4479-48C7-4094-AFCE-B09353F1DA52}.Debug|x64.Deploy.0 = Debug|x64
		{F43F4479-48C7-4094-AFCE-B09353F1DA52}.Debug|x86.ActiveCfg = Debug|x86
		{F43F4479-48C7-4094-AFCE-B09353F1DA52}.Debug|x86.Build.0 = Debug|x86
		{F43F4479-48C7-4094-AFCE-B09353F1DA52}.Debug|x86.Deploy.0 = Debug|x86
		{F43F4479-48C7-4094-AFCE-B09353F1DA52}.Release|ARM.ActiveCfg = Release|ARM
		{F43F4479-48C7-4094-AFCE-B09353F1DA52}.Release|ARM.Build.0 = Release|ARM
		{F43F4479-48C7-4094-AFCE-B09353F1DA52}.Release|ARM.Deploy.0 = Release|ARM
		{F43F4479-48C7-4094-AFCE-B09353F1DA52}.Release|x64.ActiveCfg = Release|x64
		{F43F4479-48C7-4094-AFCE-B09353F1DA52}.Release|x64.Build.0 = Release|x64
		{F43F4479-48C7-4094-AFCE-B09353F1DA52}.Release|x64.Deploy.0 = Release|x64
		{F43F4479-48C7-4094-AFCE-B09353F1DA52}.Release|x86.ActiveCfg = Release|x86
		{F43F4479-48C7-4094-AFCE-B09353F1DA52}.Release|x86.Build.0 = Release|x86
		{F43F4479-48C7-4094-AFCE-B09353F1DA52}.Release|x86.Deploy.0 = Release|x86
	EndGlobalSection
	GlobalSection(SolutionProperties) = preSolution
		HideSolutionNode = FALSE
	EndGlobalSection
	GlobalSection(ExtensibilityGlobals) = postSolution
		SolutionGuid = {D35F5F4C-8B88-45D1-AFCD-D5E718A68E58}
	EndGlobalSection
EndGlobal
